
Microsoft Visual Studio Solution File, Format Version 12.00
# Visual Studio Version 17
VisualStudioVersion = 17.8.34309.116
MinimumVisualStudioVersion = 10.0.40219.1
Project("{9A19103F-16F7-4668-BE54-9A1E7A4F7556}") = "BlazorWasmStarter", "BlazorWasmStarter\BlazorWasmStarter.csproj", "{17067566-7159-41B1-86F9-44CA875D78F8}"
EndProject
Project("{9A19103F-16F7-4668-BE54-9A1E7A4F7556}") = "BlazorOpenAIStarter", "BlazorOpenAIStarter\BlazorOpenAIStarter.csproj", "{4757A843-2792-467D-95B3-036D6214C4C3}"
EndProject
Project("{9A19103F-16F7-4668-BE54-9A1E7A4F7556}") = "BlazorGiftSuggestionApp", "BlazorGiftSuggestionApp\BlazorGiftSuggestionApp.csproj", "{7D310ACE-A558-4D7B-B822-8B2AF9A229EE}"
EndProject
Project("{2150E333-8FDC-42A3-9474-1A3956D46DE8}") = "VideoTranscriberApp", "VideoTranscriberApp", "{338C0EE3-2A7E-45CD-A49E-72FDDAC3DD2F}"
EndProject
Project("{FAE04EC0-301F-11D3-BF4B-00C04F79EFBC}") = "FullstackBlazorBootcamp.VideoTranscriberApp.ConsoleClient", "FullstackBlazorBootcamp.VideoTranscriberApp.ConsoleClient\FullstackBlazorBootcamp.VideoTranscriberApp.ConsoleClient.csproj", "{8C89BCC3-EED6-4C06-9F54-6ABE012A5578}"
EndProject
Global
	GlobalSection(SolutionConfigurationPlatforms) = preSolution
		Debug|Any CPU = Debug|Any CPU
		Release|Any CPU = Release|Any CPU
	EndGlobalSection
	GlobalSection(ProjectConfigurationPlatforms) = postSolution
		{17067566-7159-41B1-86F9-44CA875D78F8}.Debug|Any CPU.ActiveCfg = Debug|Any CPU
		{17067566-7159-41B1-86F9-44CA875D78F8}.Debug|Any CPU.Build.0 = Debug|Any CPU
		{17067566-7159-41B1-86F9-44CA875D78F8}.Release|Any CPU.ActiveCfg = Release|Any CPU
		{17067566-7159-41B1-86F9-44CA875D78F8}.Release|Any CPU.Build.0 = Release|Any CPU
		{4757A843-2792-467D-95B3-036D6214C4C3}.Debug|Any CPU.ActiveCfg = Debug|Any CPU
		{4757A843-2792-467D-95B3-036D6214C4C3}.Debug|Any CPU.Build.0 = Debug|Any CPU
		{4757A843-2792-467D-95B3-036D6214C4C3}.Release|Any CPU.ActiveCfg = Release|Any CPU
		{4757A843-2792-467D-95B3-036D6214C4C3}.Release|Any CPU.Build.0 = Release|Any CPU
		{7D310ACE-A558-4D7B-B822-8B2AF9A229EE}.Debug|Any CPU.ActiveCfg = Debug|Any CPU
		{7D310ACE-A558-4D7B-B822-8B2AF9A229EE}.Debug|Any CPU.Build.0 = Debug|Any CPU
		{7D310ACE-A558-4D7B-B822-8B2AF9A229EE}.Release|Any CPU.ActiveCfg = Release|Any CPU
		{7D310ACE-A558-4D7B-B822-8B2AF9A229EE}.Release|Any CPU.Build.0 = Release|Any CPU
		{8C89BCC3-EED6-4C06-9F54-6ABE012A5578}.Debug|Any CPU.ActiveCfg = Debug|Any CPU
		{8C89BCC3-EED6-4C06-9F54-6ABE012A5578}.Debug|Any CPU.Build.0 = Debug|Any CPU
		{8C89BCC3-EED6-4C06-9F54-6ABE012A5578}.Release|Any CPU.ActiveCfg = Release|Any CPU
		{8C89BCC3-EED6-4C06-9F54-6ABE012A5578}.Release|Any CPU.Build.0 = Release|Any CPU
	EndGlobalSection
	GlobalSection(SolutionProperties) = preSolution
		HideSolutionNode = FALSE
	EndGlobalSection
	GlobalSection(NestedProjects) = preSolution
		{8C89BCC3-EED6-4C06-9F54-6ABE012A5578} = {338C0EE3-2A7E-45CD-A49E-72FDDAC3DD2F}
	EndGlobalSection
	GlobalSection(ExtensibilityGlobals) = postSolution
		SolutionGuid = {3950AD30-2A1D-4575-A887-49BBA0342A70}
	EndGlobalSection
EndGlobal
